
Microsoft Visual Studio Solution File, Format Version 12.00
# Visual Studio Version 17
VisualStudioVersion = 17.11.35312.102
MinimumVisualStudioVersion = 10.0.40219.1
Project("{FAE04EC0-301F-11D3-BF4B-00C04F79EFBC}") = "De02_GUI", "De02\De02_GUI.csproj", "{AB0C23AB-465E-4196-95EC-8D6DC8ADE79D}"
EndProject
Project("{FAE04EC0-301F-11D3-BF4B-00C04F79EFBC}") = "De02_DAL", "De02_DAL\De02_DAL.csproj", "{D00116B7-0372-417D-963C-E7304549212B}"
EndProject
Project("{FAE04EC0-301F-11D3-BF4B-00C04F79EFBC}") = "De02_BLL", "De02_BLL\De02_BLL.csproj", "{60EBBBDF-FC61-44E8-8E9F-0175829CE3C1}"
EndProject
Global
	GlobalSection(SolutionConfigurationPlatforms) = preSolution
		Debug|Any CPU = Debug|Any CPU
		Release|Any CPU = Release|Any CPU
	EndGlobalSection
	GlobalSection(ProjectConfigurationPlatforms) = postSolution
		{AB0C23AB-465E-4196-95EC-8D6DC8ADE79D}.Debug|Any CPU.ActiveCfg = Debug|Any CPU
		{AB0C23AB-465E-4196-95EC-8D6DC8ADE79D}.Debug|Any CPU.Build.0 = Debug|Any CPU
		{AB0C23AB-465E-4196-95EC-8D6DC8ADE79D}.Release|Any CPU.ActiveCfg = Release|Any CPU
		{AB0C23AB-465E-4196-95EC-8D6DC8ADE79D}.Release|Any CPU.Build.0 = Release|Any CPU
		{D00116B7-0372-417D-963C-E7304549212B}.Debug|Any CPU.ActiveCfg = Debug|Any CPU
		{D00116B7-0372-417D-963C-E7304549212B}.Debug|Any CPU.Build.0 = Debug|Any CPU
		{D00116B7-0372-417D-963C-E7304549212B}.Release|Any CPU.ActiveCfg = Release|Any CPU
		{D00116B7-0372-417D-963C-E7304549212B}.Release|Any CPU.Build.0 = Release|Any CPU
		{60EBBBDF-FC61-44E8-8E9F-0175829CE3C1}.Debug|Any CPU.ActiveCfg = Debug|Any CPU
		{60EBBBDF-FC61-44E8-8E9F-0175829CE3C1}.Debug|Any CPU.Build.0 = Debug|Any CPU
		{60EBBBDF-FC61-44E8-8E9F-0175829CE3C1}.Release|Any CPU.ActiveCfg = Release|Any CPU
		{60EBBBDF-FC61-44E8-8E9F-0175829CE3C1}.Release|Any CPU.Build.0 = Release|Any CPU
	EndGlobalSection
	GlobalSection(SolutionProperties) = preSolution
		HideSolutionNode = FALSE
	EndGlobalSection
	GlobalSection(ExtensibilityGlobals) = postSolution
		SolutionGuid = {DAF734F9-2F82-4336-ADD6-8489F6E1495D}
	EndGlobalSection
EndGlobal
